
Microsoft Visual Studio Solution File, Format Version 12.00
# Visual Studio Version 16
VisualStudioVersion = 16.0.30804.86
MinimumVisualStudioVersion = 10.0.40219.1
Project("{8BC9CEB8-8B4A-11D0-8D11-00A0C91BC942}") = "Factory_Method", "Factory_Method.vcxproj", "{DB1D932C-B3EA-4021-9C81-675D1BA431A9}"
EndProject
Global
	GlobalSection(SolutionConfigurationPlatforms) = preSolution
		Debug|x64 = Debug|x64
		Debug|x86 = Debug|x86
		Release|x64 = Release|x64
		Release|x86 = Release|x86
	EndGlobalSection
	GlobalSection(ProjectConfigurationPlatforms) = postSolution
		{DB1D932C-B3EA-4021-9C81-675D1BA431A9}.Debug|x64.ActiveCfg = Debug|x64
		{DB1D932C-B3EA-4021-9C81-675D1BA431A9}.Debug|x64.Build.0 = Debug|x64
		{DB1D932C-B3EA-4021-9C81-675D1BA431A9}.Debug|x86.ActiveCfg = Debug|Win32
		{DB1D932C-B3EA-4021-9C81-675D1BA431A9}.Debug|x86.Build.0 = Debug|Win32
		{DB1D932C-B3EA-4021-9C81-675D1BA431A9}.Release|x64.ActiveCfg = Release|x64
		{DB1D932C-B3EA-4021-9C81-675D1BA431A9}.Release|x64.Build.0 = Release|x64
		{DB1D932C-B3EA-4021-9C81-675D1BA431A9}.Release|x86.ActiveCfg = Release|Win32
		{DB1D932C-B3EA-4021-9C81-675D1BA431A9}.Release|x86.Build.0 = Release|Win32
	EndGlobalSection
	GlobalSection(SolutionProperties) = preSolution
		HideSolutionNode = FALSE
	EndGlobalSection
	GlobalSection(ExtensibilityGlobals) = postSolution
		SolutionGuid = {03290F25-3B49-42AD-B8E0-1C01BFED1AFC}
	EndGlobalSection
EndGlobal
